
Microsoft Visual Studio Solution File, Format Version 12.00
# Visual Studio Version 17
VisualStudioVersion = 17.0.32112.339
MinimumVisualStudioVersion = 10.0.40219.1
Project("{9A19103F-16F7-4668-BE54-9A1E7A4F7556}") = "TestApplication", "TestApplication\TestApplication.csproj", "{FA9D0568-48CF-4F6A-98EF-A3B1B966999C}"
EndProject
Project("{2150E333-8FDC-42A3-9474-1A3956D46DE8}") = "Solution Items", "Solution Items", "{4ECF36F1-1D71-4852-8F91-9B47ECCB965B}"
EndProject
Project("{9A19103F-16F7-4668-BE54-9A1E7A4F7556}") = "TestApplication.Model", "TestApplication.Model\TestApplication.Model.csproj", "{E05B3303-112E-4FA7-B67D-6C4A34B4ABCD}"
EndProject
Project("{9A19103F-16F7-4668-BE54-9A1E7A4F7556}") = "TestApplication.Migrations", "TestApplication.Migrations\TestApplication.Migrations.csproj", "{1AD810E1-567A-4583-80A3-C613DDA7C1C7}"
EndProject
Global
	GlobalSection(SolutionConfigurationPlatforms) = preSolution
		Debug|Any CPU = Debug|Any CPU
		Release|Any CPU = Release|Any CPU
	EndGlobalSection
	GlobalSection(ProjectConfigurationPlatforms) = postSolution
		{FA9D0568-48CF-4F6A-98EF-A3B1B966999C}.Debug|Any CPU.ActiveCfg = Debug|Any CPU
		{FA9D0568-48CF-4F6A-98EF-A3B1B966999C}.Debug|Any CPU.Build.0 = Debug|Any CPU
		{FA9D0568-48CF-4F6A-98EF-A3B1B966999C}.Release|Any CPU.ActiveCfg = Release|Any CPU
		{FA9D0568-48CF-4F6A-98EF-A3B1B966999C}.Release|Any CPU.Build.0 = Release|Any CPU
		{E05B3303-112E-4FA7-B67D-6C4A34B4ABCD}.Debug|Any CPU.ActiveCfg = Debug|Any CPU
		{E05B3303-112E-4FA7-B67D-6C4A34B4ABCD}.Debug|Any CPU.Build.0 = Debug|Any CPU
		{E05B3303-112E-4FA7-B67D-6C4A34B4ABCD}.Release|Any CPU.ActiveCfg = Release|Any CPU
		{E05B3303-112E-4FA7-B67D-6C4A34B4ABCD}.Release|Any CPU.Build.0 = Release|Any CPU
		{1AD810E1-567A-4583-80A3-C613DDA7C1C7}.Debug|Any CPU.ActiveCfg = Debug|Any CPU
		{1AD810E1-567A-4583-80A3-C613DDA7C1C7}.Debug|Any CPU.Build.0 = Debug|Any CPU
		{1AD810E1-567A-4583-80A3-C613DDA7C1C7}.Release|Any CPU.ActiveCfg = Release|Any CPU
		{1AD810E1-567A-4583-80A3-C613DDA7C1C7}.Release|Any CPU.Build.0 = Release|Any CPU
	EndGlobalSection
	GlobalSection(SolutionProperties) = preSolution
		HideSolutionNode = FALSE
	EndGlobalSection
	GlobalSection(ExtensibilityGlobals) = postSolution
		SolutionGuid = {F20D1EC4-735E-490B-8905-1BE9E10A1C9D}
	EndGlobalSection
EndGlobal
